// !$*UTF8*$!
{
	archiveVersion = 1;
	classes = {
	};
	objectVersion = 77;
	objects = {

/* Begin PBXBuildFile section */
		4C7F151C2DD5F0ED00A91862 /* HourForecastCollectionViewCell.swift in Sources */ = {isa = PBXBuildFile; fileRef = 4C7F151B2DD5F0ED00A91862 /* HourForecastCollectionViewCell.swift */; };
		4C7F15202DD5FA3A00A91862 /* UIimageView+Extension.swift in Sources */ = {isa = PBXBuildFile; fileRef = 4C7F151F2DD5FA3A00A91862 /* UIimageView+Extension.swift */; };
		4C7F15222DD5FD7300A91862 /* WeatherForecastDTO.swift in Sources */ = {isa = PBXBuildFile; fileRef = 4C7F15212DD5FD7300A91862 /* WeatherForecastDTO.swift */; };
		4C7F15262DD6097B00A91862 /* WeatherForecastUseCase.swift in Sources */ = {isa = PBXBuildFile; fileRef = 4C7F15252DD6097B00A91862 /* WeatherForecastUseCase.swift */; };
		4C7F15282DD620C800A91862 /* HourForecastWeatherModel.swift in Sources */ = {isa = PBXBuildFile; fileRef = 4C7F15272DD620C800A91862 /* HourForecastWeatherModel.swift */; };
		4C7F152A2DD62B6E00A91862 /* Date+Extension.swift in Sources */ = {isa = PBXBuildFile; fileRef = 4C7F15292DD62B6E00A91862 /* Date+Extension.swift */; };
		4CC9FF872DD4C058009C5F93 /* AppCoordinator.swift in Sources */ = {isa = PBXBuildFile; fileRef = 4CC9FF7C2DD4C058009C5F93 /* AppCoordinator.swift */; };
		4CC9FF882DD4C058009C5F93 /* AppDelegate.swift in Sources */ = {isa = PBXBuildFile; fileRef = 4CC9FF7D2DD4C058009C5F93 /* AppDelegate.swift */; };
		4CC9FF892DD4C058009C5F93 /* Coordinator.swift in Sources */ = {isa = PBXBuildFile; fileRef = 4CC9FF7F2DD4C058009C5F93 /* Coordinator.swift */; };
		4CC9FF8A2DD4C058009C5F93 /* MainCoordinator.swift in Sources */ = {isa = PBXBuildFile; fileRef = 4CC9FF832DD4C058009C5F93 /* MainCoordinator.swift */; };
		4CC9FF8C2DD4C058009C5F93 /* WeatherOverviewViewController.swift in Sources */ = {isa = PBXBuildFile; fileRef = 4CC9FF852DD4C058009C5F93 /* WeatherOverviewViewController.swift */; };
		4CC9FF8D2DD4C058009C5F93 /* Assets.xcassets in Resources */ = {isa = PBXBuildFile; fileRef = 4CC9FF7E2DD4C058009C5F93 /* Assets.xcassets */; };
		4CC9FF8F2DD4C058009C5F93 /* LaunchScreen.storyboard in Resources */ = {isa = PBXBuildFile; fileRef = 4CC9FF822DD4C058009C5F93 /* LaunchScreen.storyboard */; };
		4CC9FF922DD4C0FE009C5F93 /* WeatherOverviewViewModel.swift in Sources */ = {isa = PBXBuildFile; fileRef = 4CC9FF912DD4C0FE009C5F93 /* WeatherOverviewViewModel.swift */; };
		4CC9FF942DD4C2D7009C5F93 /* WeatherService.swift in Sources */ = {isa = PBXBuildFile; fileRef = 4CC9FF932DD4C2D7009C5F93 /* WeatherService.swift */; };
		4CC9FF962DD4C349009C5F93 /* WeatherRepository.swift in Sources */ = {isa = PBXBuildFile; fileRef = 4CC9FF952DD4C349009C5F93 /* WeatherRepository.swift */; };
		4CC9FF982DD4CEBD009C5F93 /* NetworkClient.swift in Sources */ = {isa = PBXBuildFile; fileRef = 4CC9FF972DD4CEBD009C5F93 /* NetworkClient.swift */; };
		4CC9FF9A2DD4CFB3009C5F93 /* Constants.swift in Sources */ = {isa = PBXBuildFile; fileRef = 4CC9FF992DD4CFB3009C5F93 /* Constants.swift */; };
		4CC9FF9C2DD4D19B009C5F93 /* LocationService.swift in Sources */ = {isa = PBXBuildFile; fileRef = 4CC9FF9B2DD4D19B009C5F93 /* LocationService.swift */; };
		4CC9FF9E2DD4DFC5009C5F93 /* CurrentWeatherDTO.swift in Sources */ = {isa = PBXBuildFile; fileRef = 4CC9FF9D2DD4DFC5009C5F93 /* CurrentWeatherDTO.swift */; };
		4CC9FFA02DD4E9FF009C5F93 /* CurrentWeatherUseCase.swift in Sources */ = {isa = PBXBuildFile; fileRef = 4CC9FF9F2DD4E9FF009C5F93 /* CurrentWeatherUseCase.swift */; };
		4CC9FFAB2DD4F034009C5F93 /* CurrentWeatherModel.swift in Sources */ = {isa = PBXBuildFile; fileRef = 4CC9FFAA2DD4F034009C5F93 /* CurrentWeatherModel.swift */; };
		4CC9FFAE2DD4F231009C5F93 /* WeatherMapper.swift in Sources */ = {isa = PBXBuildFile; fileRef = 4CC9FFAD2DD4F231009C5F93 /* WeatherMapper.swift */; };
		4CC9FFB12DD4F7D5009C5F93 /* UIView+Extension.swift in Sources */ = {isa = PBXBuildFile; fileRef = 4CC9FFB02DD4F7D5009C5F93 /* UIView+Extension.swift */; };
/* End PBXBuildFile section */

/* Begin PBXFileReference section */
		4C7F151B2DD5F0ED00A91862 /* HourForecastCollectionViewCell.swift */ = {isa = PBXFileReference; lastKnownFileType = sourcecode.swift; path = HourForecastCollectionViewCell.swift; sourceTree = "<group>"; };
		4C7F151F2DD5FA3A00A91862 /* UIimageView+Extension.swift */ = {isa = PBXFileReference; lastKnownFileType = sourcecode.swift; path = "UIimageView+Extension.swift"; sourceTree = "<group>"; };
		4C7F15212DD5FD7300A91862 /* WeatherForecastDTO.swift */ = {isa = PBXFileReference; lastKnownFileType = sourcecode.swift; path = WeatherForecastDTO.swift; sourceTree = "<group>"; };
		4C7F15252DD6097B00A91862 /* WeatherForecastUseCase.swift */ = {isa = PBXFileReference; lastKnownFileType = sourcecode.swift; path = WeatherForecastUseCase.swift; sourceTree = "<group>"; };
		4C7F15272DD620C800A91862 /* HourForecastWeatherModel.swift */ = {isa = PBXFileReference; lastKnownFileType = sourcecode.swift; path = HourForecastWeatherModel.swift; sourceTree = "<group>"; };
		4C7F15292DD62B6E00A91862 /* Date+Extension.swift */ = {isa = PBXFileReference; lastKnownFileType = sourcecode.swift; path = "Date+Extension.swift"; sourceTree = "<group>"; };
		4CC9FF5B2DD4B785009C5F93 /* SimpleWeather.app */ = {isa = PBXFileReference; explicitFileType = wrapper.application; includeInIndex = 0; path = SimpleWeather.app; sourceTree = BUILT_PRODUCTS_DIR; };
		4CC9FF7C2DD4C058009C5F93 /* AppCoordinator.swift */ = {isa = PBXFileReference; lastKnownFileType = sourcecode.swift; path = AppCoordinator.swift; sourceTree = "<group>"; };
		4CC9FF7D2DD4C058009C5F93 /* AppDelegate.swift */ = {isa = PBXFileReference; lastKnownFileType = sourcecode.swift; path = AppDelegate.swift; sourceTree = "<group>"; };
		4CC9FF7E2DD4C058009C5F93 /* Assets.xcassets */ = {isa = PBXFileReference; lastKnownFileType = folder.assetcatalog; path = Assets.xcassets; sourceTree = "<group>"; };
		4CC9FF7F2DD4C058009C5F93 /* Coordinator.swift */ = {isa = PBXFileReference; lastKnownFileType = sourcecode.swift; path = Coordinator.swift; sourceTree = "<group>"; };
		4CC9FF802DD4C058009C5F93 /* Info.plist */ = {isa = PBXFileReference; lastKnownFileType = text.plist.xml; path = Info.plist; sourceTree = "<group>"; };
		4CC9FF812DD4C058009C5F93 /* Base */ = {isa = PBXFileReference; lastKnownFileType = file.storyboard; name = Base; path = Base.lproj/LaunchScreen.storyboard; sourceTree = "<group>"; };
		4CC9FF832DD4C058009C5F93 /* MainCoordinator.swift */ = {isa = PBXFileReference; lastKnownFileType = sourcecode.swift; path = MainCoordinator.swift; sourceTree = "<group>"; };
		4CC9FF852DD4C058009C5F93 /* WeatherOverviewViewController.swift */ = {isa = PBXFileReference; lastKnownFileType = sourcecode.swift; path = WeatherOverviewViewController.swift; sourceTree = "<group>"; };
		4CC9FF912DD4C0FE009C5F93 /* WeatherOverviewViewModel.swift */ = {isa = PBXFileReference; lastKnownFileType = sourcecode.swift; path = WeatherOverviewViewModel.swift; sourceTree = "<group>"; };
		4CC9FF932DD4C2D7009C5F93 /* WeatherService.swift */ = {isa = PBXFileReference; lastKnownFileType = sourcecode.swift; path = WeatherService.swift; sourceTree = "<group>"; };
		4CC9FF952DD4C349009C5F93 /* WeatherRepository.swift */ = {isa = PBXFileReference; lastKnownFileType = sourcecode.swift; path = WeatherRepository.swift; sourceTree = "<group>"; };
		4CC9FF972DD4CEBD009C5F93 /* NetworkClient.swift */ = {isa = PBXFileReference; lastKnownFileType = sourcecode.swift; path = NetworkClient.swift; sourceTree = "<group>"; };
		4CC9FF992DD4CFB3009C5F93 /* Constants.swift */ = {isa = PBXFileReference; lastKnownFileType = sourcecode.swift; path = Constants.swift; sourceTree = "<group>"; };
		4CC9FF9B2DD4D19B009C5F93 /* LocationService.swift */ = {isa = PBXFileReference; lastKnownFileType = sourcecode.swift; path = LocationService.swift; sourceTree = "<group>"; };
		4CC9FF9D2DD4DFC5009C5F93 /* CurrentWeatherDTO.swift */ = {isa = PBXFileReference; lastKnownFileType = sourcecode.swift; path = CurrentWeatherDTO.swift; sourceTree = "<group>"; };
		4CC9FF9F2DD4E9FF009C5F93 /* CurrentWeatherUseCase.swift */ = {isa = PBXFileReference; lastKnownFileType = sourcecode.swift; path = CurrentWeatherUseCase.swift; sourceTree = "<group>"; };
		4CC9FFAA2DD4F034009C5F93 /* CurrentWeatherModel.swift */ = {isa = PBXFileReference; lastKnownFileType = sourcecode.swift; path = CurrentWeatherModel.swift; sourceTree = "<group>"; };
		4CC9FFAD2DD4F231009C5F93 /* WeatherMapper.swift */ = {isa = PBXFileReference; lastKnownFileType = sourcecode.swift; path = WeatherMapper.swift; sourceTree = "<group>"; };
		4CC9FFB02DD4F7D5009C5F93 /* UIView+Extension.swift */ = {isa = PBXFileReference; lastKnownFileType = sourcecode.swift; path = "UIView+Extension.swift"; sourceTree = "<group>"; };
/* End PBXFileReference section */

/* Begin PBXFrameworksBuildPhase section */
		4CC9FF582DD4B785009C5F93 /* Frameworks */ = {
			isa = PBXFrameworksBuildPhase;
			buildActionMask = 2147483647;
			files = (
			);
			runOnlyForDeploymentPostprocessing = 0;
		};
/* End PBXFrameworksBuildPhase section */

/* Begin PBXGroup section */
		4C7F151A2DD5F0B400A91862 /* Views */ = {
			isa = PBXGroup;
			children = (
				4C7F151B2DD5F0ED00A91862 /* HourForecastCollectionViewCell.swift */,
			);
			path = Views;
			sourceTree = "<group>";
		};
		4CC9FF522DD4B785009C5F93 = {
			isa = PBXGroup;
			children = (
				4CC9FF862DD4C058009C5F93 /* SimpleWeather */,
				4CC9FF5C2DD4B785009C5F93 /* Products */,
			);
			sourceTree = "<group>";
		};
		4CC9FF5C2DD4B785009C5F93 /* Products */ = {
			isa = PBXGroup;
			children = (
				4CC9FF5B2DD4B785009C5F93 /* SimpleWeather.app */,
			);
			name = Products;
			sourceTree = "<group>";
		};
		4CC9FF862DD4C058009C5F93 /* SimpleWeather */ = {
			isa = PBXGroup;
			children = (
				4CC9FFA82DD4ED5D009C5F93 /* Common */,
				4CC9FFA62DD4ED23009C5F93 /* Domain */,
				4CC9FFA52DD4ED08009C5F93 /* Service */,
				4CC9FFA22DD4EC8C009C5F93 /* Data */,
				4CC9FFA12DD4EC77009C5F93 /* Presentation */,
				4CC9FF902DD4C07B009C5F93 /* Coordinators */,
				4CC9FF7D2DD4C058009C5F93 /* AppDelegate.swift */,
				4CC9FF7E2DD4C058009C5F93 /* Assets.xcassets */,
				4CC9FF802DD4C058009C5F93 /* Info.plist */,
				4CC9FF822DD4C058009C5F93 /* LaunchScreen.storyboard */,
			);
			path = SimpleWeather;
			sourceTree = "<group>";
		};
		4CC9FF902DD4C07B009C5F93 /* Coordinators */ = {
			isa = PBXGroup;
			children = (
				4CC9FF7F2DD4C058009C5F93 /* Coordinator.swift */,
				4CC9FF7C2DD4C058009C5F93 /* AppCoordinator.swift */,
				4CC9FF832DD4C058009C5F93 /* MainCoordinator.swift */,
			);
			path = Coordinators;
			sourceTree = "<group>";
		};
		4CC9FFA12DD4EC77009C5F93 /* Presentation */ = {
			isa = PBXGroup;
			children = (
				4C7F151A2DD5F0B400A91862 /* Views */,
				4CC9FF852DD4C058009C5F93 /* WeatherOverviewViewController.swift */,
				4CC9FF912DD4C0FE009C5F93 /* WeatherOverviewViewModel.swift */,
			);
			path = Presentation;
			sourceTree = "<group>";
		};
		4CC9FFA22DD4EC8C009C5F93 /* Data */ = {
			isa = PBXGroup;
			children = (
				4CC9FFAC2DD4F21E009C5F93 /* Mappers */,
				4CC9FFA42DD4ECEF009C5F93 /* Repository */,
				4CC9FFA32DD4ECD9009C5F93 /* Entities */,
			);
			path = Data;
			sourceTree = "<group>";
		};
		4CC9FFA32DD4ECD9009C5F93 /* Entities */ = {
			isa = PBXGroup;
			children = (
				4CC9FF9D2DD4DFC5009C5F93 /* CurrentWeatherDTO.swift */,
				4C7F15212DD5FD7300A91862 /* WeatherForecastDTO.swift */,
			);
			path = Entities;
			sourceTree = "<group>";
		};
		4CC9FFA42DD4ECEF009C5F93 /* Repository */ = {
			isa = PBXGroup;
			children = (
				4CC9FF952DD4C349009C5F93 /* WeatherRepository.swift */,
			);
			path = Repository;
			sourceTree = "<group>";
		};
		4CC9FFA52DD4ED08009C5F93 /* Service */ = {
			isa = PBXGroup;
			children = (
				4CC9FF9B2DD4D19B009C5F93 /* LocationService.swift */,
				4CC9FF932DD4C2D7009C5F93 /* WeatherService.swift */,
			);
			path = Service;
			sourceTree = "<group>";
		};
		4CC9FFA62DD4ED23009C5F93 /* Domain */ = {
			isa = PBXGroup;
			children = (
				4CC9FFA92DD4F01B009C5F93 /* Entities */,
				4CC9FFA72DD4ED2E009C5F93 /* UseCases */,
			);
			path = Domain;
			sourceTree = "<group>";
		};
		4CC9FFA72DD4ED2E009C5F93 /* UseCases */ = {
			isa = PBXGroup;
			children = (
				4CC9FF9F2DD4E9FF009C5F93 /* CurrentWeatherUseCase.swift */,
				4C7F15252DD6097B00A91862 /* WeatherForecastUseCase.swift */,
			);
			path = UseCases;
			sourceTree = "<group>";
		};
		4CC9FFA82DD4ED5D009C5F93 /* Common */ = {
			isa = PBXGroup;
			children = (
				4CC9FFAF2DD4F7B7009C5F93 /* Extensions */,
				4CC9FF972DD4CEBD009C5F93 /* NetworkClient.swift */,
				4CC9FF992DD4CFB3009C5F93 /* Constants.swift */,
			);
			path = Common;
			sourceTree = "<group>";
		};
		4CC9FFA92DD4F01B009C5F93 /* Entities */ = {
			isa = PBXGroup;
			children = (
				4CC9FFAA2DD4F034009C5F93 /* CurrentWeatherModel.swift */,
				4C7F15272DD620C800A91862 /* HourForecastWeatherModel.swift */,
			);
			path = Entities;
			sourceTree = "<group>";
		};
		4CC9FFAC2DD4F21E009C5F93 /* Mappers */ = {
			isa = PBXGroup;
			children = (
				4CC9FFAD2DD4F231009C5F93 /* WeatherMapper.swift */,
			);
			path = Mappers;
			sourceTree = "<group>";
		};
		4CC9FFAF2DD4F7B7009C5F93 /* Extensions */ = {
			isa = PBXGroup;
			children = (
				4CC9FFB02DD4F7D5009C5F93 /* UIView+Extension.swift */,
				4C7F151F2DD5FA3A00A91862 /* UIimageView+Extension.swift */,
				4C7F15292DD62B6E00A91862 /* Date+Extension.swift */,
			);
			path = Extensions;
			sourceTree = "<group>";
		};
/* End PBXGroup section */

/* Begin PBXNativeTarget section */
		4CC9FF5A2DD4B785009C5F93 /* SimpleWeather */ = {
			isa = PBXNativeTarget;
			buildConfigurationList = 4CC9FF6E2DD4B786009C5F93 /* Build configuration list for PBXNativeTarget "SimpleWeather" */;
			buildPhases = (
				4CC9FF572DD4B785009C5F93 /* Sources */,
				4CC9FF582DD4B785009C5F93 /* Frameworks */,
				4CC9FF592DD4B785009C5F93 /* Resources */,
			);
			buildRules = (
			);
			dependencies = (
			);
			name = SimpleWeather;
			packageProductDependencies = (
			);
			productName = SimpleWeather;
			productReference = 4CC9FF5B2DD4B785009C5F93 /* SimpleWeather.app */;
			productType = "com.apple.product-type.application";
		};
/* End PBXNativeTarget section */

/* Begin PBXProject section */
		4CC9FF532DD4B785009C5F93 /* Project object */ = {
			isa = PBXProject;
			attributes = {
				BuildIndependentTargetsInParallel = 1;
				LastSwiftUpdateCheck = 1630;
				LastUpgradeCheck = 1630;
				TargetAttributes = {
					4CC9FF5A2DD4B785009C5F93 = {
						CreatedOnToolsVersion = 16.3;
					};
				};
			};
			buildConfigurationList = 4CC9FF562DD4B785009C5F93 /* Build configuration list for PBXProject "SimpleWeather" */;
			developmentRegion = en;
			hasScannedForEncodings = 0;
			knownRegions = (
				en,
				Base,
			);
			mainGroup = 4CC9FF522DD4B785009C5F93;
			minimizedProjectReferenceProxies = 1;
			preferredProjectObjectVersion = 77;
			productRefGroup = 4CC9FF5C2DD4B785009C5F93 /* Products */;
			projectDirPath = "";
			projectRoot = "";
			targets = (
				4CC9FF5A2DD4B785009C5F93 /* SimpleWeather */,
			);
		};
/* End PBXProject section */

/* Begin PBXResourcesBuildPhase section */
		4CC9FF592DD4B785009C5F93 /* Resources */ = {
			isa = PBXResourcesBuildPhase;
			buildActionMask = 2147483647;
			files = (
				4CC9FF8D2DD4C058009C5F93 /* Assets.xcassets in Resources */,
				4CC9FF8F2DD4C058009C5F93 /* LaunchScreen.storyboard in Resources */,
			);
			runOnlyForDeploymentPostprocessing = 0;
		};
/* End PBXResourcesBuildPhase section */

/* Begin PBXSourcesBuildPhase section */
		4CC9FF572DD4B785009C5F93 /* Sources */ = {
			isa = PBXSourcesBuildPhase;
			buildActionMask = 2147483647;
			files = (
				4C7F15262DD6097B00A91862 /* WeatherForecastUseCase.swift in Sources */,
				4C7F152A2DD62B6E00A91862 /* Date+Extension.swift in Sources */,
				4CC9FF962DD4C349009C5F93 /* WeatherRepository.swift in Sources */,
				4CC9FF872DD4C058009C5F93 /* AppCoordinator.swift in Sources */,
				4CC9FFB12DD4F7D5009C5F93 /* UIView+Extension.swift in Sources */,
				4CC9FFAB2DD4F034009C5F93 /* CurrentWeatherModel.swift in Sources */,
				4CC9FFA02DD4E9FF009C5F93 /* CurrentWeatherUseCase.swift in Sources */,
				4CC9FF922DD4C0FE009C5F93 /* WeatherOverviewViewModel.swift in Sources */,
				4CC9FF882DD4C058009C5F93 /* AppDelegate.swift in Sources */,
				4C7F15282DD620C800A91862 /* HourForecastWeatherModel.swift in Sources */,
				4CC9FF9E2DD4DFC5009C5F93 /* CurrentWeatherDTO.swift in Sources */,
				4C7F15202DD5FA3A00A91862 /* UIimageView+Extension.swift in Sources */,
				4CC9FF892DD4C058009C5F93 /* Coordinator.swift in Sources */,
				4C7F151C2DD5F0ED00A91862 /* HourForecastCollectionViewCell.swift in Sources */,
				4CC9FF9A2DD4CFB3009C5F93 /* Constants.swift in Sources */,
				4C7F15222DD5FD7300A91862 /* WeatherForecastDTO.swift in Sources */,
				4CC9FF9C2DD4D19B009C5F93 /* LocationService.swift in Sources */,
				4CC9FF982DD4CEBD009C5F93 /* NetworkClient.swift in Sources */,
				4CC9FF8A2DD4C058009C5F93 /* MainCoordinator.swift in Sources */,
				4CC9FFAE2DD4F231009C5F93 /* WeatherMapper.swift in Sources */,
				4CC9FF8C2DD4C058009C5F93 /* WeatherOverviewViewController.swift in Sources */,
				4CC9FF942DD4C2D7009C5F93 /* WeatherService.swift in Sources */,
			);
			runOnlyForDeploymentPostprocessing = 0;
		};
/* End PBXSourcesBuildPhase section */

/* Begin PBXVariantGroup section */
		4CC9FF822DD4C058009C5F93 /* LaunchScreen.storyboard */ = {
			isa = PBXVariantGroup;
			children = (
				4CC9FF812DD4C058009C5F93 /* Base */,
			);
			name = LaunchScreen.storyboard;
			sourceTree = "<group>";
		};
/* End PBXVariantGroup section */

/* Begin XCBuildConfiguration section */
		4CC9FF6F2DD4B786009C5F93 /* Debug */ = {
			isa = XCBuildConfiguration;
			buildSettings = {
				ASSETCATALOG_COMPILER_APPICON_NAME = AppIcon;
				ASSETCATALOG_COMPILER_GLOBAL_ACCENT_COLOR_NAME = AccentColor;
				CODE_SIGN_STYLE = Automatic;
				CURRENT_PROJECT_VERSION = 1;
				GENERATE_INFOPLIST_FILE = YES;
				INFOPLIST_FILE = SimpleWeather/Info.plist;
				INFOPLIST_KEY_UIApplicationSupportsIndirectInputEvents = YES;
				INFOPLIST_KEY_UILaunchStoryboardName = LaunchScreen;
				INFOPLIST_KEY_UISupportedInterfaceOrientations = UIInterfaceOrientationPortrait;
				INFOPLIST_KEY_UISupportedInterfaceOrientations_iPad = "UIInterfaceOrientationLandscapeLeft UIInterfaceOrientationLandscapeRight UIInterfaceOrientationPortrait UIInterfaceOrientationPortraitUpsideDown";
				IPHONEOS_DEPLOYMENT_TARGET = 16.6;
				LD_RUNPATH_SEARCH_PATHS = (
					"$(inherited)",
					"@executable_path/Frameworks",
				);
				MARKETING_VERSION = 1.0;
				PRODUCT_BUNDLE_IDENTIFIER = mkozlyukov.SimpleWeather;
				PRODUCT_NAME = "$(TARGET_NAME)";
				SUPPORTED_PLATFORMS = "iphoneos iphonesimulator";
				SUPPORTS_MACCATALYST = NO;
				SUPPORTS_MAC_DESIGNED_FOR_IPHONE_IPAD = NO;
				SUPPORTS_XR_DESIGNED_FOR_IPHONE_IPAD = NO;
				SWIFT_EMIT_LOC_STRINGS = YES;
				SWIFT_VERSION = 5.0;
				TARGETED_DEVICE_FAMILY = 1;
			};
			name = Debug;
		};
		4CC9FF702DD4B786009C5F93 /* Release */ = {
			isa = XCBuildConfiguration;
			buildSettings = {
				ASSETCATALOG_COMPILER_APPICON_NAME = AppIcon;
				ASSETCATALOG_COMPILER_GLOBAL_ACCENT_COLOR_NAME = AccentColor;
				CODE_SIGN_STYLE = Automatic;
				CURRENT_PROJECT_VERSION = 1;
				GENERATE_INFOPLIST_FILE = YES;
				INFOPLIST_FILE = SimpleWeather/Info.plist;
				INFOPLIST_KEY_UIApplicationSupportsIndirectInputEvents = YES;
				INFOPLIST_KEY_UILaunchStoryboardName = LaunchScreen;
				INFOPLIST_KEY_UISupportedInterfaceOrientations = UIInterfaceOrientationPortrait;
				INFOPLIST_KEY_UISupportedInterfaceOrientations_iPad = "UIInterfaceOrientationLandscapeLeft UIInterfaceOrientationLandscapeRight UIInterfaceOrientationPortrait UIInterfaceOrientationPortraitUpsideDown";
				IPHONEOS_DEPLOYMENT_TARGET = 16.6;
				LD_RUNPATH_SEARCH_PATHS = (
					"$(inherited)",
					"@executable_path/Frameworks",
				);
				MARKETING_VERSION = 1.0;
				PRODUCT_BUNDLE_IDENTIFIER = mkozlyukov.SimpleWeather;
				PRODUCT_NAME = "$(TARGET_NAME)";
				SUPPORTED_PLATFORMS = "iphoneos iphonesimulator";
				SUPPORTS_MACCATALYST = NO;
				SUPPORTS_MAC_DESIGNED_FOR_IPHONE_IPAD = NO;
				SUPPORTS_XR_DESIGNED_FOR_IPHONE_IPAD = NO;
				SWIFT_EMIT_LOC_STRINGS = YES;
				SWIFT_VERSION = 5.0;
				TARGETED_DEVICE_FAMILY = 1;
			};
			name = Release;
		};
		4CC9FF712DD4B786009C5F93 /* Debug */ = {
			isa = XCBuildConfiguration;
			buildSettings = {
				ALWAYS_SEARCH_USER_PATHS = NO;
				ASSETCATALOG_COMPILER_GENERATE_SWIFT_ASSET_SYMBOL_EXTENSIONS = YES;
				CLANG_ANALYZER_NONNULL = YES;
				CLANG_ANALYZER_NUMBER_OBJECT_CONVERSION = YES_AGGRESSIVE;
				CLANG_CXX_LANGUAGE_STANDARD = "gnu++20";
				CLANG_ENABLE_MODULES = YES;
				CLANG_ENABLE_OBJC_ARC = YES;
				CLANG_ENABLE_OBJC_WEAK = YES;
				CLANG_WARN_BLOCK_CAPTURE_AUTORELEASING = YES;
				CLANG_WARN_BOOL_CONVERSION = YES;
				CLANG_WARN_COMMA = YES;
				CLANG_WARN_CONSTANT_CONVERSION = YES;
				CLANG_WARN_DEPRECATED_OBJC_IMPLEMENTATIONS = YES;
				CLANG_WARN_DIRECT_OBJC_ISA_USAGE = YES_ERROR;
				CLANG_WARN_DOCUMENTATION_COMMENTS = YES;
				CLANG_WARN_EMPTY_BODY = YES;
				CLANG_WARN_ENUM_CONVERSION = YES;
				CLANG_WARN_INFINITE_RECURSION = YES;
				CLANG_WARN_INT_CONVERSION = YES;
				CLANG_WARN_NON_LITERAL_NULL_CONVERSION = YES;
				CLANG_WARN_OBJC_IMPLICIT_RETAIN_SELF = YES;
				CLANG_WARN_OBJC_LITERAL_CONVERSION = YES;
				CLANG_WARN_OBJC_ROOT_CLASS = YES_ERROR;
				CLANG_WARN_QUOTED_INCLUDE_IN_FRAMEWORK_HEADER = YES;
				CLANG_WARN_RANGE_LOOP_ANALYSIS = YES;
				CLANG_WARN_STRICT_PROTOTYPES = YES;
				CLANG_WARN_SUSPICIOUS_MOVE = YES;
				CLANG_WARN_UNGUARDED_AVAILABILITY = YES_AGGRESSIVE;
				CLANG_WARN_UNREACHABLE_CODE = YES;
				CLANG_WARN__DUPLICATE_METHOD_MATCH = YES;
				COPY_PHASE_STRIP = NO;
				DEBUG_INFORMATION_FORMAT = dwarf;
				ENABLE_STRICT_OBJC_MSGSEND = YES;
				ENABLE_TESTABILITY = YES;
				ENABLE_USER_SCRIPT_SANDBOXING = YES;
				GCC_C_LANGUAGE_STANDARD = gnu17;
				GCC_DYNAMIC_NO_PIC = NO;
				GCC_NO_COMMON_BLOCKS = YES;
				GCC_OPTIMIZATION_LEVEL = 0;
				GCC_PREPROCESSOR_DEFINITIONS = (
					"DEBUG=1",
					"$(inherited)",
				);
				GCC_WARN_64_TO_32_BIT_CONVERSION = YES;
				GCC_WARN_ABOUT_RETURN_TYPE = YES_ERROR;
				GCC_WARN_UNDECLARED_SELECTOR = YES;
				GCC_WARN_UNINITIALIZED_AUTOS = YES_AGGRESSIVE;
				GCC_WARN_UNUSED_FUNCTION = YES;
				GCC_WARN_UNUSED_VARIABLE = YES;
				IPHONEOS_DEPLOYMENT_TARGET = 18.4;
				LOCALIZATION_PREFERS_STRING_CATALOGS = YES;
				MTL_ENABLE_DEBUG_INFO = INCLUDE_SOURCE;
				MTL_FAST_MATH = YES;
				ONLY_ACTIVE_ARCH = YES;
				SDKROOT = iphoneos;
				SWIFT_ACTIVE_COMPILATION_CONDITIONS = "DEBUG $(inherited)";
				SWIFT_OPTIMIZATION_LEVEL = "-Onone";
			};
			name = Debug;
		};
		4CC9FF722DD4B786009C5F93 /* Release */ = {
			isa = XCBuildConfiguration;
			buildSettings = {
				ALWAYS_SEARCH_USER_PATHS = NO;
				ASSETCATALOG_COMPILER_GENERATE_SWIFT_ASSET_SYMBOL_EXTENSIONS = YES;
				CLANG_ANALYZER_NONNULL = YES;
				CLANG_ANALYZER_NUMBER_OBJECT_CONVERSION = YES_AGGRESSIVE;
				CLANG_CXX_LANGUAGE_STANDARD = "gnu++20";
				CLANG_ENABLE_MODULES = YES;
				CLANG_ENABLE_OBJC_ARC = YES;
				CLANG_ENABLE_OBJC_WEAK = YES;
				CLANG_WARN_BLOCK_CAPTURE_AUTORELEASING = YES;
				CLANG_WARN_BOOL_CONVERSION = YES;
				CLANG_WARN_COMMA = YES;
				CLANG_WARN_CONSTANT_CONVERSION = YES;
				CLANG_WARN_DEPRECATED_OBJC_IMPLEMENTATIONS = YES;
				CLANG_WARN_DIRECT_OBJC_ISA_USAGE = YES_ERROR;
				CLANG_WARN_DOCUMENTATION_COMMENTS = YES;
				CLANG_WARN_EMPTY_BODY = YES;
				CLANG_WARN_ENUM_CONVERSION = YES;
				CLANG_WARN_INFINITE_RECURSION = YES;
				CLANG_WARN_INT_CONVERSION = YES;
				CLANG_WARN_NON_LITERAL_NULL_CONVERSION = YES;
				CLANG_WARN_OBJC_IMPLICIT_RETAIN_SELF = YES;
				CLANG_WARN_OBJC_LITERAL_CONVERSION = YES;
				CLANG_WARN_OBJC_ROOT_CLASS = YES_ERROR;
				CLANG_WARN_QUOTED_INCLUDE_IN_FRAMEWORK_HEADER = YES;
				CLANG_WARN_RANGE_LOOP_ANALYSIS = YES;
				CLANG_WARN_STRICT_PROTOTYPES = YES;
				CLANG_WARN_SUSPICIOUS_MOVE = YES;
				CLANG_WARN_UNGUARDED_AVAILABILITY = YES_AGGRESSIVE;
				CLANG_WARN_UNREACHABLE_CODE = YES;
				CLANG_WARN__DUPLICATE_METHOD_MATCH = YES;
				COPY_PHASE_STRIP = NO;
				DEBUG_INFORMATION_FORMAT = "dwarf-with-dsym";
				ENABLE_NS_ASSERTIONS = NO;
				ENABLE_STRICT_OBJC_MSGSEND = YES;
				ENABLE_USER_SCRIPT_SANDBOXING = YES;
				GCC_C_LANGUAGE_STANDARD = gnu17;
				GCC_NO_COMMON_BLOCKS = YES;
				GCC_WARN_64_TO_32_BIT_CONVERSION = YES;
				GCC_WARN_ABOUT_RETURN_TYPE = YES_ERROR;
				GCC_WARN_UNDECLARED_SELECTOR = YES;
				GCC_WARN_UNINITIALIZED_AUTOS = YES_AGGRESSIVE;
				GCC_WARN_UNUSED_FUNCTION = YES;
				GCC_WARN_UNUSED_VARIABLE = YES;
				IPHONEOS_DEPLOYMENT_TARGET = 18.4;
				LOCALIZATION_PREFERS_STRING_CATALOGS = YES;
				MTL_ENABLE_DEBUG_INFO = NO;
				MTL_FAST_MATH = YES;
				SDKROOT = iphoneos;
				SWIFT_COMPILATION_MODE = wholemodule;
				VALIDATE_PRODUCT = YES;
			};
			name = Release;
		};
/* End XCBuildConfiguration section */

/* Begin XCConfigurationList section */
		4CC9FF562DD4B785009C5F93 /* Build configuration list for PBXProject "SimpleWeather" */ = {
			isa = XCConfigurationList;
			buildConfigurations = (
				4CC9FF712DD4B786009C5F93 /* Debug */,
				4CC9FF722DD4B786009C5F93 /* Release */,
			);
			defaultConfigurationIsVisible = 0;
			defaultConfigurationName = Release;
		};
		4CC9FF6E2DD4B786009C5F93 /* Build configuration list for PBXNativeTarget "SimpleWeather" */ = {
			isa = XCConfigurationList;
			buildConfigurations = (
				4CC9FF6F2DD4B786009C5F93 /* Debug */,
				4CC9FF702DD4B786009C5F93 /* Release */,
			);
			defaultConfigurationIsVisible = 0;
			defaultConfigurationName = Release;
		};
/* End XCConfigurationList section */
	};
	rootObject = 4CC9FF532DD4B785009C5F93 /* Project object */;
}
